
Microsoft Visual Studio Solution File, Format Version 12.00
# Visual Studio Version 17
VisualStudioVersion = 17.6.33829.357
MinimumVisualStudioVersion = 10.0.40219.1
Project("{FAE04EC0-301F-11D3-BF4B-00C04F79EFBC}") = "MagicVilla_API", "MagicVilla_API\MagicVilla_API.csproj", "{23A1F51B-D36D-4040-9E7A-D7F2A7D5651A}"
EndProject
Global
	GlobalSection(SolutionConfigurationPlatforms) = preSolution
		Debug|Any CPU = Debug|Any CPU
		Release|Any CPU = Release|Any CPU
	EndGlobalSection
	GlobalSection(ProjectConfigurationPlatforms) = postSolution
		{23A1F51B-D36D-4040-9E7A-D7F2A7D5651A}.Debug|Any CPU.ActiveCfg = Debug|Any CPU
		{23A1F51B-D36D-4040-9E7A-D7F2A7D5651A}.Debug|Any CPU.Build.0 = Debug|Any CPU
		{23A1F51B-D36D-4040-9E7A-D7F2A7D5651A}.Release|Any CPU.ActiveCfg = Release|Any CPU
		{23A1F51B-D36D-4040-9E7A-D7F2A7D5651A}.Release|Any CPU.Build.0 = Release|Any CPU
	EndGlobalSection
	GlobalSection(SolutionProperties) = preSolution
		HideSolutionNode = FALSE
	EndGlobalSection
	GlobalSection(ExtensibilityGlobals) = postSolution
		SolutionGuid = {E6D0EC4F-B6C1-4F2C-A340-0F0B735B52E4}
	EndGlobalSection
EndGlobal
